
Microsoft Visual Studio Solution File, Format Version 11.00
# Visual Studio 2010
Project("{6989167D-11E4-40FE-8C1A-2192A86A7E90}") = "W2_3.72_CBNU", "W2_3.72_CBNU\W2_3.72_CBNU.vfproj", "{E382057C-86F0-4169-B789-6D178139AEA6}"
EndProject
Global
	GlobalSection(SolutionConfigurationPlatforms) = preSolution
		Debug|Win32 = Debug|Win32
		Release|Win32 = Release|Win32
	EndGlobalSection
	GlobalSection(ProjectConfigurationPlatforms) = postSolution
		{E382057C-86F0-4169-B789-6D178139AEA6}.Debug|Win32.ActiveCfg = Release|Win32
		{E382057C-86F0-4169-B789-6D178139AEA6}.Debug|Win32.Build.0 = Release|Win32
		{E382057C-86F0-4169-B789-6D178139AEA6}.Release|Win32.ActiveCfg = Release|Win32
		{E382057C-86F0-4169-B789-6D178139AEA6}.Release|Win32.Build.0 = Release|Win32
	EndGlobalSection
	GlobalSection(SolutionProperties) = preSolution
		HideSolutionNode = FALSE
	EndGlobalSection
EndGlobal
